<?xml version="1.0" encoding="utf-8"?>
<Project ToolsVersion="4.0" xmlns="http://schemas.microsoft.com/developer/msbuild/2003">
  <ItemGroup>
    <ClCompile Include="driver\driver.cpp" />
    <ClCompile Include="main.cpp" />
    <ClCompile Include="rbx\aimbot\aimbot.cpp" />
    <ClCompile Include="rbx\classes\classes.cpp" />
    <ClCompile Include="rbx\esp\esp.cpp" />
    <ClCompile Include="rbx\globals\globals.cpp" />
    <ClCompile Include="utils\configs\configs.cpp" />
    <ClCompile Include="utils\datamodel\datamodel.cpp" />
    <ClCompile Include="utils\logs\logs.cpp" />
    <ClCompile Include="utils\overlay\imgui\imgui.cpp" />
    <ClCompile Include="utils\overlay\imgui\imgui_demo.cpp" />
    <ClCompile Include="utils\overlay\imgui\imgui_draw.cpp" />
    <ClCompile Include="utils\overlay\imgui\imgui_impl_dx11.cpp" />
    <ClCompile Include="utils\overlay\imgui\imgui_impl_win32.cpp" />
    <ClCompile Include="utils\overlay\imgui\imgui_tables.cpp" />
    <ClCompile Include="utils\overlay\imgui\imgui_toggle.cpp" />
    <ClCompile Include="utils\overlay\imgui\imgui_toggle_palette.cpp" />
    <ClCompile Include="utils\overlay\imgui\imgui_toggle_presets.cpp" />
    <ClCompile Include="utils\overlay\imgui\imgui_toggle_renderer.cpp" />
    <ClCompile Include="utils\overlay\imgui\imgui_widgets.cpp" />
    <ClCompile Include="utils\overlay\imgui\TextEditor.cpp" />
    <ClCompile Include="utils\overlay\overlay.cpp" />
  </ItemGroup>
  <ItemGroup>
    <ClInclude Include="include\curl\curl.h" />
    <ClInclude Include="include\curl\curlver.h" />
    <ClInclude Include="include\curl\easy.h" />
    <ClInclude Include="include\curl\header.h" />
    <ClInclude Include="include\curl\mprintf.h" />
    <ClInclude Include="include\curl\multi.h" />
    <ClInclude Include="include\curl\options.h" />
    <ClInclude Include="include\curl\stdcheaders.h" />
    <ClInclude Include="include\curl\system.h" />
    <ClInclude Include="include\curl\typecheck-gcc.h" />
    <ClInclude Include="include\curl\urlapi.h" />
    <ClInclude Include="include\curl\websockets.h" />
    <ClInclude Include="include\lua\lapi.h" />
    <ClInclude Include="include\lua\lauxlib.h" />
    <ClInclude Include="include\lua\lcode.h" />
    <ClInclude Include="include\lua\lctype.h" />
    <ClInclude Include="include\lua\ldebug.h" />
    <ClInclude Include="include\lua\ldo.h" />
    <ClInclude Include="include\lua\lfunc.h" />
    <ClInclude Include="include\lua\lgc.h" />
    <ClInclude Include="include\lua\ljumptab.h" />
    <ClInclude Include="include\lua\llex.h" />
    <ClInclude Include="include\lua\llimits.h" />
    <ClInclude Include="include\lua\lmem.h" />
    <ClInclude Include="include\lua\lobject.h" />
    <ClInclude Include="include\lua\lopcodes.h" />
    <ClInclude Include="include\lua\lopnames.h" />
    <ClInclude Include="include\lua\lparser.h" />
    <ClInclude Include="include\lua\lprefix.h" />
    <ClInclude Include="include\lua\lstate.h" />
    <ClInclude Include="include\lua\lstring.h" />
    <ClInclude Include="include\lua\ltable.h" />
    <ClInclude Include="include\lua\ltm.h" />
    <ClInclude Include="include\lua\lua.h" />
    <ClInclude Include="include\lua\lua.hpp" />
    <ClInclude Include="include\lua\luaconf.h" />
    <ClInclude Include="include\lua\lualib.h" />
    <ClInclude Include="include\lua\lundump.h" />
    <ClInclude Include="include\lua\lvm.h" />
    <ClInclude Include="include\lua\lzio.h" />
    <ClInclude Include="include\sol\config.hpp" />
    <ClInclude Include="include\sol\forward.hpp" />
    <ClInclude Include="include\sol\sol.hpp" />
    <ClInclude Include="keyauth\auth.hpp" />
    <ClInclude Include="keyauth\json.hpp" />
    <ClInclude Include="keyauth\skStr.h" />
    <ClInclude Include="keyauth\utils.hpp" />
    <ClInclude Include="rbx\aimbot\aimbot.hpp" />
    <ClInclude Include="rbx\classes\classes.hpp" />
    <ClInclude Include="rbx\esp\esp.hpp" />
    <ClInclude Include="rbx\globals\globals.hpp" />
    <ClInclude Include="utils\configs\configs.hpp" />
    <ClInclude Include="utils\datamodel\datamodel.hpp" />
    <ClInclude Include="utils\json\json.hpp" />
    <ClInclude Include="utils\logs\logs.hpp" />
    <ClInclude Include="utils\overlay\ckeybind\keybind.hpp" />
    <ClInclude Include="utils\overlay\imgui\imconfig.h" />
    <ClInclude Include="utils\overlay\imgui\imgui.h" />
    <ClInclude Include="utils\overlay\imgui\imgui_impl_dx11.h" />
    <ClInclude Include="utils\overlay\imgui\imgui_impl_win32.h" />
    <ClInclude Include="utils\overlay\imgui\imgui_internal.h" />
    <ClInclude Include="utils\overlay\imgui\imgui_offset_rect.h" />
    <ClInclude Include="utils\overlay\imgui\imgui_toggle.h" />
    <ClInclude Include="utils\overlay\imgui\imgui_toggle_math.h" />
    <ClInclude Include="utils\overlay\imgui\imgui_toggle_palette.h" />
    <ClInclude Include="utils\overlay\imgui\imgui_toggle_presets.h" />
    <ClInclude Include="utils\overlay\imgui\imgui_toggle_renderer.h" />
    <ClInclude Include="utils\overlay\imgui\imstb_rectpack.h" />
    <ClInclude Include="utils\overlay\imgui\imstb_textedit.h" />
    <ClInclude Include="utils\overlay\imgui\imstb_truetype.h" />
    <ClInclude Include="utils\overlay\keyauth\json.hpp" />
    <ClInclude Include="utils\overlay\keyauth\utils.hpp" />
    <ClInclude Include="utils\overlay\overlay.hpp" />
    <ClInclude Include="driver\driver.h" />
  </ItemGroup>
  <ItemGroup>
    <None Include="include\curl\Makefile.am" />
    <None Include="include\curl\Makefile.in" />
  </ItemGroup>
</Project>